
Microsoft Visual Studio Solution File, Format Version 12.00
# Visual Studio 15
VisualStudioVersion = 15.0.28307.539
MinimumVisualStudioVersion = 10.0.40219.1
Project("{FAE04EC0-301F-11D3-BF4B-00C04F79EFBC}") = "LendingLibrary", "LendingLibrary\LendingLibrary.csproj", "{65208DF3-A29B-45C8-8157-EE98C1704377}"
EndProject
Project("{FAE04EC0-301F-11D3-BF4B-00C04F79EFBC}") = "XUnitTestProject1", "XUnitTestProject1\XUnitTestProject1.csproj", "{30DEB3F2-42F3-495A-B382-BB76844D2941}"
EndProject
Global
	GlobalSection(SolutionConfigurationPlatforms) = preSolution
		Debug|Any CPU = Debug|Any CPU
		Release|Any CPU = Release|Any CPU
	EndGlobalSection
	GlobalSection(ProjectConfigurationPlatforms) = postSolution
		{65208DF3-A29B-45C8-8157-EE98C1704377}.Debug|Any CPU.ActiveCfg = Debug|Any CPU
		{65208DF3-A29B-45C8-8157-EE98C1704377}.Debug|Any CPU.Build.0 = Debug|Any CPU
		{65208DF3-A29B-45C8-8157-EE98C1704377}.Release|Any CPU.ActiveCfg = Release|Any CPU
		{65208DF3-A29B-45C8-8157-EE98C1704377}.Release|Any CPU.Build.0 = Release|Any CPU
		{30DEB3F2-42F3-495A-B382-BB76844D2941}.Debug|Any CPU.ActiveCfg = Debug|Any CPU
		{30DEB3F2-42F3-495A-B382-BB76844D2941}.Debug|Any CPU.Build.0 = Debug|Any CPU
		{30DEB3F2-42F3-495A-B382-BB76844D2941}.Release|Any CPU.ActiveCfg = Release|Any CPU
		{30DEB3F2-42F3-495A-B382-BB76844D2941}.Release|Any CPU.Build.0 = Release|Any CPU
	EndGlobalSection
	GlobalSection(SolutionProperties) = preSolution
		HideSolutionNode = FALSE
	EndGlobalSection
	GlobalSection(ExtensibilityGlobals) = postSolution
		SolutionGuid = {4215EBD1-F192-4E38-A990-D371105AB752}
	EndGlobalSection
EndGlobal
